
Microsoft Visual Studio Solution File, Format Version 12.00
# Visual Studio Version 17
VisualStudioVersion = 17.7.34031.279
MinimumVisualStudioVersion = 10.0.40219.1
Project("{9A19103F-16F7-4668-BE54-9A1E7A4F7556}") = "Quintessence Website", "Quintessence Website\Quintessence Website.csproj", "{CB940D28-A46C-460E-9A68-9C4747C0EA14}"
EndProject
Project("{9A19103F-16F7-4668-BE54-9A1E7A4F7556}") = "QuintessenceWebsiteDAL", "BotWebsiteDAL\QuintessenceWebsiteDAL.csproj", "{6FB91005-6A17-49A7-8C7B-81F966722905}"
EndProject
Project("{9A19103F-16F7-4668-BE54-9A1E7A4F7556}") = "QuintessenceWebsiteInterface", "BotWebsiteInterface\QuintessenceWebsiteInterface.csproj", "{53203C5D-0DE6-44D5-B228-BAC31ADDA417}"
EndProject
Global
	GlobalSection(SolutionConfigurationPlatforms) = preSolution
		Debug|Any CPU = Debug|Any CPU
		Release|Any CPU = Release|Any CPU
	EndGlobalSection
	GlobalSection(ProjectConfigurationPlatforms) = postSolution
		{CB940D28-A46C-460E-9A68-9C4747C0EA14}.Debug|Any CPU.ActiveCfg = Debug|Any CPU
		{CB940D28-A46C-460E-9A68-9C4747C0EA14}.Debug|Any CPU.Build.0 = Debug|Any CPU
		{CB940D28-A46C-460E-9A68-9C4747C0EA14}.Release|Any CPU.ActiveCfg = Release|Any CPU
		{CB940D28-A46C-460E-9A68-9C4747C0EA14}.Release|Any CPU.Build.0 = Release|Any CPU
		{6FB91005-6A17-49A7-8C7B-81F966722905}.Debug|Any CPU.ActiveCfg = Debug|Any CPU
		{6FB91005-6A17-49A7-8C7B-81F966722905}.Debug|Any CPU.Build.0 = Debug|Any CPU
		{6FB91005-6A17-49A7-8C7B-81F966722905}.Release|Any CPU.ActiveCfg = Release|Any CPU
		{6FB91005-6A17-49A7-8C7B-81F966722905}.Release|Any CPU.Build.0 = Release|Any CPU
		{53203C5D-0DE6-44D5-B228-BAC31ADDA417}.Debug|Any CPU.ActiveCfg = Debug|Any CPU
		{53203C5D-0DE6-44D5-B228-BAC31ADDA417}.Debug|Any CPU.Build.0 = Debug|Any CPU
		{53203C5D-0DE6-44D5-B228-BAC31ADDA417}.Release|Any CPU.ActiveCfg = Release|Any CPU
		{53203C5D-0DE6-44D5-B228-BAC31ADDA417}.Release|Any CPU.Build.0 = Release|Any CPU
	EndGlobalSection
	GlobalSection(SolutionProperties) = preSolution
		HideSolutionNode = FALSE
	EndGlobalSection
	GlobalSection(ExtensibilityGlobals) = postSolution
		SolutionGuid = {98232EB3-DC1D-436E-B2C9-8334AA74D49A}
	EndGlobalSection
EndGlobal
